Microsoft Visual Studio Solution File, Format Version 12.00
# Visual Studio 15
VisualStudioVersion = 15.0.26730.10
MinimumVisualStudioVersion = 15.0.26124.0
Project("{9A19103F-16F7-4668-BE54-9A1E7A4F7556}") = "Reference.Lib", "Reference.Lib\Reference.Lib.csproj", "{BF83A822-5A4B-4D5C-9532-8EF250F2EC9F}"
EndProject
Project("{9A19103F-16F7-4668-BE54-9A1E7A4F7556}") = "Reference.Lib.Tests", "Reference.Lib.Tests\Reference.Lib.Tests.csproj", "{51EEE2AE-53D9-433F-A581-6B204230DD2F}"
EndProject
Global
	GlobalSection(SolutionConfigurationPlatforms) = preSolution
		Debug|Any CPU = Debug|Any CPU
		Debug|x64 = Debug|x64
		Debug|x86 = Debug|x86
		Release|Any CPU = Release|Any CPU
		Release|x64 = Release|x64
		Release|x86 = Release|x86
	EndGlobalSection
	GlobalSection(ProjectConfigurationPlatforms) = postSolution
		{BF83A822-5A4B-4D5C-9532-8EF250F2EC9F}.Debug|Any CPU.ActiveCfg = Debug|Any CPU
		{BF83A822-5A4B-4D5C-9532-8EF250F2EC9F}.Debug|Any CPU.Build.0 = Debug|Any CPU
		{BF83A822-5A4B-4D5C-9532-8EF250F2EC9F}.Debug|x64.ActiveCfg = Debug|Any CPU
		{BF83A822-5A4B-4D5C-9532-8EF250F2EC9F}.Debug|x64.Build.0 = Debug|Any CPU
		{BF83A822-5A4B-4D5C-9532-8EF250F2EC9F}.Debug|x86.ActiveCfg = Debug|Any CPU
		{BF83A822-5A4B-4D5C-9532-8EF250F2EC9F}.Debug|x86.Build.0 = Debug|Any CPU
		{BF83A822-5A4B-4D5C-9532-8EF250F2EC9F}.Release|Any CPU.ActiveCfg = Release|Any CPU
		{BF83A822-5A4B-4D5C-9532-8EF250F2EC9F}.Release|Any CPU.Build.0 = Release|Any CPU
		{BF83A822-5A4B-4D5C-9532-8EF250F2EC9F}.Release|x64.ActiveCfg = Release|Any CPU
		{BF83A822-5A4B-4D5C-9532-8EF250F2EC9F}.Release|x64.Build.0 = Release|Any CPU
		{BF83A822-5A4B-4D5C-9532-8EF250F2EC9F}.Release|x86.ActiveCfg = Release|Any CPU
		{BF83A822-5A4B-4D5C-9532-8EF250F2EC9F}.Release|x86.Build.0 = Release|Any CPU
		{51EEE2AE-53D9-433F-A581-6B204230DD2F}.Debug|Any CPU.ActiveCfg = Debug|Any CPU
		{51EEE2AE-53D9-433F-A581-6B204230DD2F}.Debug|Any CPU.Build.0 = Debug|Any CPU
		{51EEE2AE-53D9-433F-A581-6B204230DD2F}.Debug|x64.ActiveCfg = Debug|Any CPU
		{51EEE2AE-53D9-433F-A581-6B204230DD2F}.Debug|x64.Build.0 = Debug|Any CPU
		{51EEE2AE-53D9-433F-A581-6B204230DD2F}.Debug|x86.ActiveCfg = Debug|Any CPU
		{51EEE2AE-53D9-433F-A581-6B204230DD2F}.Debug|x86.Build.0 = Debug|Any CPU
		{51EEE2AE-53D9-433F-A581-6B204230DD2F}.Release|Any CPU.ActiveCfg = Release|Any CPU
		{51EEE2AE-53D9-433F-A581-6B204230DD2F}.Release|Any CPU.Build.0 = Release|Any CPU
		{51EEE2AE-53D9-433F-A581-6B204230DD2F}.Release|x64.ActiveCfg = Release|Any CPU
		{51EEE2AE-53D9-433F-A581-6B204230DD2F}.Release|x64.Build.0 = Release|Any CPU
		{51EEE2AE-53D9-433F-A581-6B204230DD2F}.Release|x86.ActiveCfg = Release|Any CPU
		{51EEE2AE-53D9-433F-A581-6B204230DD2F}.Release|x86.Build.0 = Release|Any CPU
	EndGlobalSection
	GlobalSection(SolutionProperties) = preSolution
		HideSolutionNode = FALSE
	EndGlobalSection
	GlobalSection(ExtensibilityGlobals) = postSolution
		SolutionGuid = {82595181-C0E9-4EA3-A21F-DD2407E0A340}
	EndGlobalSection
EndGlobal
